
Microsoft Visual Studio Solution File, Format Version 12.00
# Visual Studio Version 17
VisualStudioVersion = 17.14.36518.9
MinimumVisualStudioVersion = 10.0.40219.1
Project("{FAE04EC0-301F-11D3-BF4B-00C04F79EFBC}") = "Foodfolio", "Foodfolio.csproj", "{644BC019-5A3C-43BA-ACED-2F93A837D806}"
EndProject
Project("{FAE04EC0-301F-11D3-BF4B-00C04F79EFBC}") = "Foodfolio.API", "..\Foodfolio.API\Foodfolio.API.csproj", "{D3875EFB-8606-4EDC-B91A-4CF7FC1871AC}"
EndProject
Global
	GlobalSection(SolutionConfigurationPlatforms) = preSolution
		Debug|Any CPU = Debug|Any CPU
		Release|Any CPU = Release|Any CPU
	EndGlobalSection
	GlobalSection(ProjectConfigurationPlatforms) = postSolution
		{644BC019-5A3C-43BA-ACED-2F93A837D806}.Debug|Any CPU.ActiveCfg = Debug|Any CPU
		{644BC019-5A3C-43BA-ACED-2F93A837D806}.Debug|Any CPU.Build.0 = Debug|Any CPU
		{644BC019-5A3C-43BA-ACED-2F93A837D806}.Debug|Any CPU.Deploy.0 = Debug|Any CPU
		{644BC019-5A3C-43BA-ACED-2F93A837D806}.Release|Any CPU.ActiveCfg = Release|Any CPU
		{644BC019-5A3C-43BA-ACED-2F93A837D806}.Release|Any CPU.Build.0 = Release|Any CPU
		{644BC019-5A3C-43BA-ACED-2F93A837D806}.Release|Any CPU.Deploy.0 = Release|Any CPU
		{D3875EFB-8606-4EDC-B91A-4CF7FC1871AC}.Debug|Any CPU.ActiveCfg = Debug|Any CPU
		{D3875EFB-8606-4EDC-B91A-4CF7FC1871AC}.Debug|Any CPU.Build.0 = Debug|Any CPU
		{D3875EFB-8606-4EDC-B91A-4CF7FC1871AC}.Release|Any CPU.ActiveCfg = Release|Any CPU
		{D3875EFB-8606-4EDC-B91A-4CF7FC1871AC}.Release|Any CPU.Build.0 = Release|Any CPU
	EndGlobalSection
	GlobalSection(SolutionProperties) = preSolution
		HideSolutionNode = FALSE
	EndGlobalSection
	GlobalSection(ExtensibilityGlobals) = postSolution
		SolutionGuid = {D7EA3EFD-11DC-40F2-ABD2-ACC664AD5560}
	EndGlobalSection
EndGlobal
